// !$*UTF8*$!
{
	archiveVersion = 1;
	classes = {
	};
	objectVersion = 55;
	objects = {

/* Begin PBXBuildFile section */
		06B4056B1065AEE218D58FC2 /* Pods_KrokApp.framework in Frameworks */ = {isa = PBXBuildFile; fileRef = DDEDC34723DCDA7B55E92414 /* Pods_KrokApp.framework */; };
		4F81AECC28971F0F000FF1FC /* AppDelegate.swift in Sources */ = {isa = PBXBuildFile; fileRef = 4F81AECB28971F0F000FF1FC /* AppDelegate.swift */; };
		4F81AECE28971F0F000FF1FC /* SceneDelegate.swift in Sources */ = {isa = PBXBuildFile; fileRef = 4F81AECD28971F0F000FF1FC /* SceneDelegate.swift */; };
		4F81AED028971F0F000FF1FC /* CitiesViewController.swift in Sources */ = {isa = PBXBuildFile; fileRef = 4F81AECF28971F0F000FF1FC /* CitiesViewController.swift */; };
		4F81AED328971F0F000FF1FC /* Main.storyboard in Resources */ = {isa = PBXBuildFile; fileRef = 4F81AED128971F0F000FF1FC /* Main.storyboard */; };
		4F81AED528971F12000FF1FC /* Assets.xcassets in Resources */ = {isa = PBXBuildFile; fileRef = 4F81AED428971F12000FF1FC /* Assets.xcassets */; };
		4F81AED828971F12000FF1FC /* LaunchScreen.storyboard in Resources */ = {isa = PBXBuildFile; fileRef = 4F81AED628971F12000FF1FC /* LaunchScreen.storyboard */; };
		4F81AEE0289782EF000FF1FC /* AttractionsViewController.swift in Sources */ = {isa = PBXBuildFile; fileRef = 4F81AEDF289782EF000FF1FC /* AttractionsViewController.swift */; };
		4F81AEE22897856D000FF1FC /* CitiesTableViewCell.swift in Sources */ = {isa = PBXBuildFile; fileRef = 4F81AEE12897856C000FF1FC /* CitiesTableViewCell.swift */; };
		4F81AEE628979633000FF1FC /* AttractionsTableViewCell.swift in Sources */ = {isa = PBXBuildFile; fileRef = 4F81AEE528979633000FF1FC /* AttractionsTableViewCell.swift */; };
		4FA5ACE528984ACE00B01EEE /* DetailAttractionViewController.swift in Sources */ = {isa = PBXBuildFile; fileRef = 4FA5ACE428984ACE00B01EEE /* DetailAttractionViewController.swift */; };
		4FA5ACEB2898B89D00B01EEE /* City.swift in Sources */ = {isa = PBXBuildFile; fileRef = 4FA5ACEA2898B89D00B01EEE /* City.swift */; };
		4FA5ACED2898B8D600B01EEE /* Attraction.swift in Sources */ = {isa = PBXBuildFile; fileRef = 4FA5ACEC2898B8D600B01EEE /* Attraction.swift */; };
		4FA5ACEF2898BDDB00B01EEE /* SettingsViewController.swift in Sources */ = {isa = PBXBuildFile; fileRef = 4FA5ACEE2898BDDB00B01EEE /* SettingsViewController.swift */; };
		4FA5ACF12898BFED00B01EEE /* Utilities+Extensions.swift in Sources */ = {isa = PBXBuildFile; fileRef = 4FA5ACF02898BFED00B01EEE /* Utilities+Extensions.swift */; };
/* End PBXBuildFile section */

/* Begin PBXFileReference section */
		4F81AEC828971F0F000FF1FC /* KrokApp.app */ = {isa = PBXFileReference; explicitFileType = wrapper.application; includeInIndex = 0; path = KrokApp.app; sourceTree = BUILT_PRODUCTS_DIR; };
		4F81AECB28971F0F000FF1FC /* AppDelegate.swift */ = {isa = PBXFileReference; lastKnownFileType = sourcecode.swift; path = AppDelegate.swift; sourceTree = "<group>"; };
		4F81AECD28971F0F000FF1FC /* SceneDelegate.swift */ = {isa = PBXFileReference; lastKnownFileType = sourcecode.swift; path = SceneDelegate.swift; sourceTree = "<group>"; };
		4F81AECF28971F0F000FF1FC /* CitiesViewController.swift */ = {isa = PBXFileReference; lastKnownFileType = sourcecode.swift; path = CitiesViewController.swift; sourceTree = "<group>"; };
		4F81AED228971F0F000FF1FC /* Base */ = {isa = PBXFileReference; lastKnownFileType = file.storyboard; name = Base; path = Base.lproj/Main.storyboard; sourceTree = "<group>"; };
		4F81AED428971F12000FF1FC /* Assets.xcassets */ = {isa = PBXFileReference; lastKnownFileType = folder.assetcatalog; path = Assets.xcassets; sourceTree = "<group>"; };
		4F81AED728971F12000FF1FC /* Base */ = {isa = PBXFileReference; lastKnownFileType = file.storyboard; name = Base; path = Base.lproj/LaunchScreen.storyboard; sourceTree = "<group>"; };
		4F81AED928971F12000FF1FC /* Info.plist */ = {isa = PBXFileReference; lastKnownFileType = text.plist.xml; path = Info.plist; sourceTree = "<group>"; };
		4F81AEDF289782EF000FF1FC /* AttractionsViewController.swift */ = {isa = PBXFileReference; lastKnownFileType = sourcecode.swift; path = AttractionsViewController.swift; sourceTree = "<group>"; };
		4F81AEE12897856C000FF1FC /* CitiesTableViewCell.swift */ = {isa = PBXFileReference; lastKnownFileType = sourcecode.swift; path = CitiesTableViewCell.swift; sourceTree = "<group>"; };
		4F81AEE528979633000FF1FC /* AttractionsTableViewCell.swift */ = {isa = PBXFileReference; lastKnownFileType = sourcecode.swift; path = AttractionsTableViewCell.swift; sourceTree = "<group>"; };
		4FA5ACE428984ACE00B01EEE /* DetailAttractionViewController.swift */ = {isa = PBXFileReference; lastKnownFileType = sourcecode.swift; path = DetailAttractionViewController.swift; sourceTree = "<group>"; };
		4FA5ACEA2898B89D00B01EEE /* City.swift */ = {isa = PBXFileReference; lastKnownFileType = sourcecode.swift; path = City.swift; sourceTree = "<group>"; };
		4FA5ACEC2898B8D600B01EEE /* Attraction.swift */ = {isa = PBXFileReference; lastKnownFileType = sourcecode.swift; path = Attraction.swift; sourceTree = "<group>"; };
		4FA5ACEE2898BDDB00B01EEE /* SettingsViewController.swift */ = {isa = PBXFileReference; lastKnownFileType = sourcecode.swift; path = SettingsViewController.swift; sourceTree = "<group>"; };
		4FA5ACF02898BFED00B01EEE /* Utilities+Extensions.swift */ = {isa = PBXFileReference; lastKnownFileType = sourcecode.swift; path = "Utilities+Extensions.swift"; sourceTree = "<group>"; };
		63FA551BA94EBC45A2C226BD /* Pods-KrokApp.release.xcconfig */ = {isa = PBXFileReference; includeInIndex = 1; lastKnownFileType = text.xcconfig; name = "Pods-KrokApp.release.xcconfig"; path = "Target Support Files/Pods-KrokApp/Pods-KrokApp.release.xcconfig"; sourceTree = "<group>"; };
		CBC5850C50E64F03768B4A93 /* Pods-KrokApp.debug.xcconfig */ = {isa = PBXFileReference; includeInIndex = 1; lastKnownFileType = text.xcconfig; name = "Pods-KrokApp.debug.xcconfig"; path = "Target Support Files/Pods-KrokApp/Pods-KrokApp.debug.xcconfig"; sourceTree = "<group>"; };
		DDEDC34723DCDA7B55E92414 /* Pods_KrokApp.framework */ = {isa = PBXFileReference; explicitFileType = wrapper.framework; includeInIndex = 0; path = Pods_KrokApp.framework; sourceTree = BUILT_PRODUCTS_DIR; };
/* End PBXFileReference section */

/* Begin PBXFrameworksBuildPhase section */
		4F81AEC528971F0F000FF1FC /* Frameworks */ = {
			isa = PBXFrameworksBuildPhase;
			buildActionMask = 2147483647;
			files = (
				06B4056B1065AEE218D58FC2 /* Pods_KrokApp.framework in Frameworks */,
			);
			runOnlyForDeploymentPostprocessing = 0;
		};
/* End PBXFrameworksBuildPhase section */

/* Begin PBXGroup section */
		4F81AEBF28971F0F000FF1FC = {
			isa = PBXGroup;
			children = (
				4F81AECA28971F0F000FF1FC /* KrokApp */,
				4F81AEC928971F0F000FF1FC /* Products */,
				699AD67CD976E9FEB5B591D8 /* Pods */,
				FEE4210524380F902E889DE2 /* Frameworks */,
			);
			sourceTree = "<group>";
		};
		4F81AEC928971F0F000FF1FC /* Products */ = {
			isa = PBXGroup;
			children = (
				4F81AEC828971F0F000FF1FC /* KrokApp.app */,
			);
			name = Products;
			sourceTree = "<group>";
		};
		4F81AECA28971F0F000FF1FC /* KrokApp */ = {
			isa = PBXGroup;
			children = (
				4F81AECB28971F0F000FF1FC /* AppDelegate.swift */,
				4F81AECD28971F0F000FF1FC /* SceneDelegate.swift */,
				4FA5ACEE2898BDDB00B01EEE /* SettingsViewController.swift */,
				4F81AECF28971F0F000FF1FC /* CitiesViewController.swift */,
				4F81AEDF289782EF000FF1FC /* AttractionsViewController.swift */,
				4FA5ACE428984ACE00B01EEE /* DetailAttractionViewController.swift */,
				4F81AEE528979633000FF1FC /* AttractionsTableViewCell.swift */,
				4F81AEE12897856C000FF1FC /* CitiesTableViewCell.swift */,
				4FA5ACF02898BFED00B01EEE /* Utilities+Extensions.swift */,
				4FA5ACEA2898B89D00B01EEE /* City.swift */,
				4FA5ACEC2898B8D600B01EEE /* Attraction.swift */,
				4F81AED128971F0F000FF1FC /* Main.storyboard */,
				4F81AED628971F12000FF1FC /* LaunchScreen.storyboard */,
				4F81AED928971F12000FF1FC /* Info.plist */,
				4F81AED428971F12000FF1FC /* Assets.xcassets */,
			);
			path = KrokApp;
			sourceTree = "<group>";
		};
		699AD67CD976E9FEB5B591D8 /* Pods */ = {
			isa = PBXGroup;
			children = (
				CBC5850C50E64F03768B4A93 /* Pods-KrokApp.debug.xcconfig */,
				63FA551BA94EBC45A2C226BD /* Pods-KrokApp.release.xcconfig */,
			);
			path = Pods;
			sourceTree = "<group>";
		};
		FEE4210524380F902E889DE2 /* Frameworks */ = {
			isa = PBXGroup;
			children = (
				DDEDC34723DCDA7B55E92414 /* Pods_KrokApp.framework */,
			);
			name = Frameworks;
			sourceTree = "<group>";
		};
/* End PBXGroup section */

/* Begin PBXNativeTarget section */
		4F81AEC728971F0F000FF1FC /* KrokApp */ = {
			isa = PBXNativeTarget;
			buildConfigurationList = 4F81AEDC28971F12000FF1FC /* Build configuration list for PBXNativeTarget "KrokApp" */;
			buildPhases = (
				DD80BEC4628E332DDBC3643F /* [CP] Check Pods Manifest.lock */,
				4F81AEC428971F0F000FF1FC /* Sources */,
				4F81AEC528971F0F000FF1FC /* Frameworks */,
				4F81AEC628971F0F000FF1FC /* Resources */,
				DF0BC4C453D45E50EDEA91A2 /* [CP] Embed Pods Frameworks */,
			);
			buildRules = (
			);
			dependencies = (
			);
			name = KrokApp;
			productName = KrokApp;
			productReference = 4F81AEC828971F0F000FF1FC /* KrokApp.app */;
			productType = "com.apple.product-type.application";
		};
/* End PBXNativeTarget section */

/* Begin PBXProject section */
		4F81AEC028971F0F000FF1FC /* Project object */ = {
			isa = PBXProject;
			attributes = {
				BuildIndependentTargetsInParallel = 1;
				LastSwiftUpdateCheck = 1310;
				LastUpgradeCheck = 1310;
				TargetAttributes = {
					4F81AEC728971F0F000FF1FC = {
						CreatedOnToolsVersion = 13.1;
					};
				};
			};
			buildConfigurationList = 4F81AEC328971F0F000FF1FC /* Build configuration list for PBXProject "KrokApp" */;
			compatibilityVersion = "Xcode 13.0";
			developmentRegion = en;
			hasScannedForEncodings = 0;
			knownRegions = (
				en,
				Base,
			);
			mainGroup = 4F81AEBF28971F0F000FF1FC;
			productRefGroup = 4F81AEC928971F0F000FF1FC /* Products */;
			projectDirPath = "";
			projectRoot = "";
			targets = (
				4F81AEC728971F0F000FF1FC /* KrokApp */,
			);
		};
/* End PBXProject section */

/* Begin PBXResourcesBuildPhase section */
		4F81AEC628971F0F000FF1FC /* Resources */ = {
			isa = PBXResourcesBuildPhase;
			buildActionMask = 2147483647;
			files = (
				4F81AED828971F12000FF1FC /* LaunchScreen.storyboard in Resources */,
				4F81AED528971F12000FF1FC /* Assets.xcassets in Resources */,
				4F81AED328971F0F000FF1FC /* Main.storyboard in Resources */,
			);
			runOnlyForDeploymentPostprocessing = 0;
		};
/* End PBXResourcesBuildPhase section */

/* Begin PBXShellScriptBuildPhase section */
		DD80BEC4628E332DDBC3643F /* [CP] Check Pods Manifest.lock */ = {
			isa = PBXShellScriptBuildPhase;
			buildActionMask = 2147483647;
			files = (
			);
			inputFileListPaths = (
			);
			inputPaths = (
				"${PODS_PODFILE_DIR_PATH}/Podfile.lock",
				"${PODS_ROOT}/Manifest.lock",
			);
			name = "[CP] Check Pods Manifest.lock";
			outputFileListPaths = (
			);
			outputPaths = (
				"$(DERIVED_FILE_DIR)/Pods-KrokApp-checkManifestLockResult.txt",
			);
			runOnlyForDeploymentPostprocessing = 0;
			shellPath = /bin/sh;
			shellScript = "diff \"${PODS_PODFILE_DIR_PATH}/Podfile.lock\" \"${PODS_ROOT}/Manifest.lock\" > /dev/null\nif [ $? != 0 ] ; then\n    # print error to STDERR\n    echo \"error: The sandbox is not in sync with the Podfile.lock. Run 'pod install' or update your CocoaPods installation.\" >&2\n    exit 1\nfi\n# This output is used by Xcode 'outputs' to avoid re-running this script phase.\necho \"SUCCESS\" > \"${SCRIPT_OUTPUT_FILE_0}\"\n";
			showEnvVarsInLog = 0;
		};
		DF0BC4C453D45E50EDEA91A2 /* [CP] Embed Pods Frameworks */ = {
			isa = PBXShellScriptBuildPhase;
			buildActionMask = 2147483647;
			files = (
			);
			inputFileListPaths = (
				"${PODS_ROOT}/Target Support Files/Pods-KrokApp/Pods-KrokApp-frameworks-${CONFIGURATION}-input-files.xcfilelist",
			);
			name = "[CP] Embed Pods Frameworks";
			outputFileListPaths = (
				"${PODS_ROOT}/Target Support Files/Pods-KrokApp/Pods-KrokApp-frameworks-${CONFIGURATION}-output-files.xcfilelist",
			);
			runOnlyForDeploymentPostprocessing = 0;
			shellPath = /bin/sh;
			shellScript = "\"${PODS_ROOT}/Target Support Files/Pods-KrokApp/Pods-KrokApp-frameworks.sh\"\n";
			showEnvVarsInLog = 0;
		};
/* End PBXShellScriptBuildPhase section */

/* Begin PBXSourcesBuildPhase section */
		4F81AEC428971F0F000FF1FC /* Sources */ = {
			isa = PBXSourcesBuildPhase;
			buildActionMask = 2147483647;
			files = (
				4FA5ACE528984ACE00B01EEE /* DetailAttractionViewController.swift in Sources */,
				4F81AEE22897856D000FF1FC /* CitiesTableViewCell.swift in Sources */,
				4FA5ACF12898BFED00B01EEE /* Utilities+Extensions.swift in Sources */,
				4F81AED028971F0F000FF1FC /* CitiesViewController.swift in Sources */,
				4FA5ACEF2898BDDB00B01EEE /* SettingsViewController.swift in Sources */,
				4F81AECC28971F0F000FF1FC /* AppDelegate.swift in Sources */,
				4FA5ACED2898B8D600B01EEE /* Attraction.swift in Sources */,
				4F81AECE28971F0F000FF1FC /* SceneDelegate.swift in Sources */,
				4F81AEE0289782EF000FF1FC /* AttractionsViewController.swift in Sources */,
				4FA5ACEB2898B89D00B01EEE /* City.swift in Sources */,
				4F81AEE628979633000FF1FC /* AttractionsTableViewCell.swift in Sources */,
			);
			runOnlyForDeploymentPostprocessing = 0;
		};
/* End PBXSourcesBuildPhase section */

/* Begin PBXVariantGroup section */
		4F81AED128971F0F000FF1FC /* Main.storyboard */ = {
			isa = PBXVariantGroup;
			children = (
				4F81AED228971F0F000FF1FC /* Base */,
			);
			name = Main.storyboard;
			sourceTree = "<group>";
		};
		4F81AED628971F12000FF1FC /* LaunchScreen.storyboard */ = {
			isa = PBXVariantGroup;
			children = (
				4F81AED728971F12000FF1FC /* Base */,
			);
			name = LaunchScreen.storyboard;
			sourceTree = "<group>";
		};
/* End PBXVariantGroup section */

/* Begin XCBuildConfiguration section */
		4F81AEDA28971F12000FF1FC /* Debug */ = {
			isa = XCBuildConfiguration;
			buildSettings = {
				ALWAYS_SEARCH_USER_PATHS = NO;
				CLANG_ANALYZER_NONNULL = YES;
				CLANG_ANALYZER_NUMBER_OBJECT_CONVERSION = YES_AGGRESSIVE;
				CLANG_CXX_LANGUAGE_STANDARD = "gnu++17";
				CLANG_CXX_LIBRARY = "libc++";
				CLANG_ENABLE_MODULES = YES;
				CLANG_ENABLE_OBJC_ARC = YES;
				CLANG_ENABLE_OBJC_WEAK = YES;
				CLANG_WARN_BLOCK_CAPTURE_AUTORELEASING = YES;
				CLANG_WARN_BOOL_CONVERSION = YES;
				CLANG_WARN_COMMA = YES;
				CLANG_WARN_CONSTANT_CONVERSION = YES;
				CLANG_WARN_DEPRECATED_OBJC_IMPLEMENTATIONS = YES;
				CLANG_WARN_DIRECT_OBJC_ISA_USAGE = YES_ERROR;
				CLANG_WARN_DOCUMENTATION_COMMENTS = YES;
				CLANG_WARN_EMPTY_BODY = YES;
				CLANG_WARN_ENUM_CONVERSION = YES;
				CLANG_WARN_INFINITE_RECURSION = YES;
				CLANG_WARN_INT_CONVERSION = YES;
				CLANG_WARN_NON_LITERAL_NULL_CONVERSION = YES;
				CLANG_WARN_OBJC_IMPLICIT_RETAIN_SELF = YES;
				CLANG_WARN_OBJC_LITERAL_CONVERSION = YES;
				CLANG_WARN_OBJC_ROOT_CLASS = YES_ERROR;
				CLANG_WARN_QUOTED_INCLUDE_IN_FRAMEWORK_HEADER = YES;
				CLANG_WARN_RANGE_LOOP_ANALYSIS = YES;
				CLANG_WARN_STRICT_PROTOTYPES = YES;
				CLANG_WARN_SUSPICIOUS_MOVE = YES;
				CLANG_WARN_UNGUARDED_AVAILABILITY = YES_AGGRESSIVE;
				CLANG_WARN_UNREACHABLE_CODE = YES;
				CLANG_WARN__DUPLICATE_METHOD_MATCH = YES;
				COPY_PHASE_STRIP = NO;
				DEBUG_INFORMATION_FORMAT = dwarf;
				ENABLE_STRICT_OBJC_MSGSEND = YES;
				ENABLE_TESTABILITY = YES;
				GCC_C_LANGUAGE_STANDARD = gnu11;
				GCC_DYNAMIC_NO_PIC = NO;
				GCC_NO_COMMON_BLOCKS = YES;
				GCC_OPTIMIZATION_LEVEL = 0;
				GCC_PREPROCESSOR_DEFINITIONS = (
					"DEBUG=1",
					"$(inherited)",
				);
				GCC_WARN_64_TO_32_BIT_CONVERSION = YES;
				GCC_WARN_ABOUT_RETURN_TYPE = YES_ERROR;
				GCC_WARN_UNDECLARED_SELECTOR = YES;
				GCC_WARN_UNINITIALIZED_AUTOS = YES_AGGRESSIVE;
				GCC_WARN_UNUSED_FUNCTION = YES;
				GCC_WARN_UNUSED_VARIABLE = YES;
				IPHONEOS_DEPLOYMENT_TARGET = 15.0;
				MTL_ENABLE_DEBUG_INFO = INCLUDE_SOURCE;
				MTL_FAST_MATH = YES;
				ONLY_ACTIVE_ARCH = YES;
				SDKROOT = iphoneos;
				SWIFT_ACTIVE_COMPILATION_CONDITIONS = DEBUG;
				SWIFT_OPTIMIZATION_LEVEL = "-Onone";
			};
			name = Debug;
		};
		4F81AEDB28971F12000FF1FC /* Release */ = {
			isa = XCBuildConfiguration;
			buildSettings = {
				ALWAYS_SEARCH_USER_PATHS = NO;
				CLANG_ANALYZER_NONNULL = YES;
				CLANG_ANALYZER_NUMBER_OBJECT_CONVERSION = YES_AGGRESSIVE;
				CLANG_CXX_LANGUAGE_STANDARD = "gnu++17";
				CLANG_CXX_LIBRARY = "libc++";
				CLANG_ENABLE_MODULES = YES;
				CLANG_ENABLE_OBJC_ARC = YES;
				CLANG_ENABLE_OBJC_WEAK = YES;
				CLANG_WARN_BLOCK_CAPTURE_AUTORELEASING = YES;
				CLANG_WARN_BOOL_CONVERSION = YES;
				CLANG_WARN_COMMA = YES;
				CLANG_WARN_CONSTANT_CONVERSION = YES;
				CLANG_WARN_DEPRECATED_OBJC_IMPLEMENTATIONS = YES;
				CLANG_WARN_DIRECT_OBJC_ISA_USAGE = YES_ERROR;
				CLANG_WARN_DOCUMENTATION_COMMENTS = YES;
				CLANG_WARN_EMPTY_BODY = YES;
				CLANG_WARN_ENUM_CONVERSION = YES;
				CLANG_WARN_INFINITE_RECURSION = YES;
				CLANG_WARN_INT_CONVERSION = YES;
				CLANG_WARN_NON_LITERAL_NULL_CONVERSION = YES;
				CLANG_WARN_OBJC_IMPLICIT_RETAIN_SELF = YES;
				CLANG_WARN_OBJC_LITERAL_CONVERSION = YES;
				CLANG_WARN_OBJC_ROOT_CLASS = YES_ERROR;
				CLANG_WARN_QUOTED_INCLUDE_IN_FRAMEWORK_HEADER = YES;
				CLANG_WARN_RANGE_LOOP_ANALYSIS = YES;
				CLANG_WARN_STRICT_PROTOTYPES = YES;
				CLANG_WARN_SUSPICIOUS_MOVE = YES;
				CLANG_WARN_UNGUARDED_AVAILABILITY = YES_AGGRESSIVE;
				CLANG_WARN_UNREACHABLE_CODE = YES;
				CLANG_WARN__DUPLICATE_METHOD_MATCH = YES;
				COPY_PHASE_STRIP = NO;
				DEBUG_INFORMATION_FORMAT = "dwarf-with-dsym";
				ENABLE_NS_ASSERTIONS = NO;
				ENABLE_STRICT_OBJC_MSGSEND = YES;
				GCC_C_LANGUAGE_STANDARD = gnu11;
				GCC_NO_COMMON_BLOCKS = YES;
				GCC_WARN_64_TO_32_BIT_CONVERSION = YES;
				GCC_WARN_ABOUT_RETURN_TYPE = YES_ERROR;
				GCC_WARN_UNDECLARED_SELECTOR = YES;
				GCC_WARN_UNINITIALIZED_AUTOS = YES_AGGRESSIVE;
				GCC_WARN_UNUSED_FUNCTION = YES;
				GCC_WARN_UNUSED_VARIABLE = YES;
				IPHONEOS_DEPLOYMENT_TARGET = 15.0;
				MTL_ENABLE_DEBUG_INFO = NO;
				MTL_FAST_MATH = YES;
				SDKROOT = iphoneos;
				SWIFT_COMPILATION_MODE = wholemodule;
				SWIFT_OPTIMIZATION_LEVEL = "-O";
				VALIDATE_PRODUCT = YES;
			};
			name = Release;
		};
		4F81AEDD28971F12000FF1FC /* Debug */ = {
			isa = XCBuildConfiguration;
			baseConfigurationReference = CBC5850C50E64F03768B4A93 /* Pods-KrokApp.debug.xcconfig */;
			buildSettings = {
				ASSETCATALOG_COMPILER_APPICON_NAME = AppIcon;
				ASSETCATALOG_COMPILER_GLOBAL_ACCENT_COLOR_NAME = AccentColor;
				CODE_SIGN_STYLE = Automatic;
				CURRENT_PROJECT_VERSION = 1;
				GENERATE_INFOPLIST_FILE = YES;
				INFOPLIST_FILE = KrokApp/Info.plist;
				INFOPLIST_KEY_UIApplicationSupportsIndirectInputEvents = YES;
				INFOPLIST_KEY_UILaunchStoryboardName = LaunchScreen;
				INFOPLIST_KEY_UIMainStoryboardFile = Main;
				INFOPLIST_KEY_UISupportedInterfaceOrientations_iPad = "UIInterfaceOrientationPortrait UIInterfaceOrientationPortraitUpsideDown UIInterfaceOrientationLandscapeLeft UIInterfaceOrientationLandscapeRight";
				INFOPLIST_KEY_UISupportedInterfaceOrientations_iPhone = "UIInterfaceOrientationPortrait UIInterfaceOrientationLandscapeLeft UIInterfaceOrientationLandscapeRight";
				LD_RUNPATH_SEARCH_PATHS = (
					"$(inherited)",
					"@executable_path/Frameworks",
				);
				MARKETING_VERSION = 1.0;
				PRODUCT_BUNDLE_IDENTIFIER = erm.KrokApp;
				PRODUCT_NAME = "$(TARGET_NAME)";
				SWIFT_EMIT_LOC_STRINGS = YES;
				SWIFT_VERSION = 5.0;
				TARGETED_DEVICE_FAMILY = "1,2";
			};
			name = Debug;
		};
		4F81AEDE28971F12000FF1FC /* Release */ = {
			isa = XCBuildConfiguration;
			baseConfigurationReference = 63FA551BA94EBC45A2C226BD /* Pods-KrokApp.release.xcconfig */;
			buildSettings = {
				ASSETCATALOG_COMPILER_APPICON_NAME = AppIcon;
				ASSETCATALOG_COMPILER_GLOBAL_ACCENT_COLOR_NAME = AccentColor;
				CODE_SIGN_STYLE = Automatic;
				CURRENT_PROJECT_VERSION = 1;
				GENERATE_INFOPLIST_FILE = YES;
				INFOPLIST_FILE = KrokApp/Info.plist;
				INFOPLIST_KEY_UIApplicationSupportsIndirectInputEvents = YES;
				INFOPLIST_KEY_UILaunchStoryboardName = LaunchScreen;
				INFOPLIST_KEY_UIMainStoryboardFile = Main;
				INFOPLIST_KEY_UISupportedInterfaceOrientations_iPad = "UIInterfaceOrientationPortrait UIInterfaceOrientationPortraitUpsideDown UIInterfaceOrientationLandscapeLeft UIInterfaceOrientationLandscapeRight";
				INFOPLIST_KEY_UISupportedInterfaceOrientations_iPhone = "UIInterfaceOrientationPortrait UIInterfaceOrientationLandscapeLeft UIInterfaceOrientationLandscapeRight";
				LD_RUNPATH_SEARCH_PATHS = (
					"$(inherited)",
					"@executable_path/Frameworks",
				);
				MARKETING_VERSION = 1.0;
				PRODUCT_BUNDLE_IDENTIFIER = erm.KrokApp;
				PRODUCT_NAME = "$(TARGET_NAME)";
				SWIFT_EMIT_LOC_STRINGS = YES;
				SWIFT_VERSION = 5.0;
				TARGETED_DEVICE_FAMILY = "1,2";
			};
			name = Release;
		};
/* End XCBuildConfiguration section */

/* Begin XCConfigurationList section */
		4F81AEC328971F0F000FF1FC /* Build configuration list for PBXProject "KrokApp" */ = {
			isa = XCConfigurationList;
			buildConfigurations = (
				4F81AEDA28971F12000FF1FC /* Debug */,
				4F81AEDB28971F12000FF1FC /* Release */,
			);
			defaultConfigurationIsVisible = 0;
			defaultConfigurationName = Release;
		};
		4F81AEDC28971F12000FF1FC /* Build configuration list for PBXNativeTarget "KrokApp" */ = {
			isa = XCConfigurationList;
			buildConfigurations = (
				4F81AEDD28971F12000FF1FC /* Debug */,
				4F81AEDE28971F12000FF1FC /* Release */,
			);
			defaultConfigurationIsVisible = 0;
			defaultConfigurationName = Release;
		};
/* End XCConfigurationList section */
	};
	rootObject = 4F81AEC028971F0F000FF1FC /* Project object */;
}
